// !$*UTF8*$!
{
	archiveVersion = 1;
	classes = {
	};
	objectVersion = 51;
	objects = {

/* Begin PBXBuildFile section */
		65F82DD424D3346B003E90A1 /* AppDelegate.swift in Sources */ = {isa = PBXBuildFile; fileRef = 65F82DD324D3346B003E90A1 /* AppDelegate.swift */; };
		65F82DD624D3346B003E90A1 /* SceneDelegate.swift in Sources */ = {isa = PBXBuildFile; fileRef = 65F82DD524D3346B003E90A1 /* SceneDelegate.swift */; };
		65F82DD824D3346B003E90A1 /* ContentView.swift in Sources */ = {isa = PBXBuildFile; fileRef = 65F82DD724D3346B003E90A1 /* ContentView.swift */; };
		65F82DDA24D3346C003E90A1 /* Assets.xcassets in Resources */ = {isa = PBXBuildFile; fileRef = 65F82DD924D3346C003E90A1 /* Assets.xcassets */; };
		65F82DDD24D3346C003E90A1 /* Preview Assets.xcassets in Resources */ = {isa = PBXBuildFile; fileRef = 65F82DDC24D3346C003E90A1 /* Preview Assets.xcassets */; };
		65F82DE024D3346C003E90A1 /* LaunchScreen.storyboard in Resources */ = {isa = PBXBuildFile; fileRef = 65F82DDE24D3346C003E90A1 /* LaunchScreen.storyboard */; };
		8B81366A175D8CCFD27BB884 /* Pods_CommunicationApiRp.framework in Frameworks */ = {isa = PBXBuildFile; fileRef = A7C2E9A82BC926199FAE241D /* Pods_CommunicationApiRp.framework */; };
/* End PBXBuildFile section */

/* Begin PBXContainerItemProxy section */
		65EEF04024DB0BD100EF1FD0 /* PBXContainerItemProxy */ = {
			isa = PBXContainerItemProxy;
			containerPortal = 6551BD2A24DB0B9900C195D2 /* Swifter.xcodeproj */;
			proxyType = 2;
			remoteGlobalIDString = 8B9F50EE1944A5AB00894629;
			remoteInfo = SwifteriOS;
		};
		65EEF04224DB0BD100EF1FD0 /* PBXContainerItemProxy */ = {
			isa = PBXContainerItemProxy;
			containerPortal = 6551BD2A24DB0B9900C195D2 /* Swifter.xcodeproj */;
			proxyType = 2;
			remoteGlobalIDString = 8B9F51131944A61D00894629;
			remoteInfo = SwifterMac;
		};
		65EEF04424DB0BD100EF1FD0 /* PBXContainerItemProxy */ = {
			isa = PBXContainerItemProxy;
			containerPortal = 6551BD2A24DB0B9900C195D2 /* Swifter.xcodeproj */;
			proxyType = 2;
			remoteGlobalIDString = 8B300C1F1944AA1A00993175;
			remoteInfo = SwifterDemoiOS;
		};
		65EEF04624DB0BD100EF1FD0 /* PBXContainerItemProxy */ = {
			isa = PBXContainerItemProxy;
			containerPortal = 6551BD2A24DB0B9900C195D2 /* Swifter.xcodeproj */;
			proxyType = 2;
			remoteGlobalIDString = 8B300C471944AECB00993175;
			remoteInfo = SwifterDemoMac;
		};
		65EEF04824DB0BD100EF1FD0 /* PBXContainerItemProxy */ = {
			isa = PBXContainerItemProxy;
			containerPortal = 6551BD2A24DB0B9900C195D2 /* Swifter.xcodeproj */;
			proxyType = 2;
			remoteGlobalIDString = F6B4D5751C7BAC4500E06514;
			remoteInfo = SwifterTests;
		};
/* End PBXContainerItemProxy section */

/* Begin PBXFileReference section */
		52D3A2A35BD170AF1CABCD76 /* Pods-CommunicationApiRp.release.xcconfig */ = {isa = PBXFileReference; includeInIndex = 1; lastKnownFileType = text.xcconfig; name = "Pods-CommunicationApiRp.release.xcconfig"; path = "Target Support Files/Pods-CommunicationApiRp/Pods-CommunicationApiRp.release.xcconfig"; sourceTree = "<group>"; };
		6551BD2A24DB0B9900C195D2 /* Swifter.xcodeproj */ = {isa = PBXFileReference; lastKnownFileType = "wrapper.pb-project"; name = Swifter.xcodeproj; path = "../../../Desktop/Swifter-master/Swifter.xcodeproj"; sourceTree = "<group>"; };
		65F82DD024D3346B003E90A1 /* CommunicationApiRp.app */ = {isa = PBXFileReference; explicitFileType = wrapper.application; includeInIndex = 0; path = CommunicationApiRp.app; sourceTree = BUILT_PRODUCTS_DIR; };
		65F82DD324D3346B003E90A1 /* AppDelegate.swift */ = {isa = PBXFileReference; lastKnownFileType = sourcecode.swift; path = AppDelegate.swift; sourceTree = "<group>"; };
		65F82DD524D3346B003E90A1 /* SceneDelegate.swift */ = {isa = PBXFileReference; lastKnownFileType = sourcecode.swift; path = SceneDelegate.swift; sourceTree = "<group>"; };
		65F82DD724D3346B003E90A1 /* ContentView.swift */ = {isa = PBXFileReference; lastKnownFileType = sourcecode.swift; path = ContentView.swift; sourceTree = "<group>"; };
		65F82DD924D3346C003E90A1 /* Assets.xcassets */ = {isa = PBXFileReference; lastKnownFileType = folder.assetcatalog; path = Assets.xcassets; sourceTree = "<group>"; };
		65F82DDC24D3346C003E90A1 /* Preview Assets.xcassets */ = {isa = PBXFileReference; lastKnownFileType = folder.assetcatalog; path = "Preview Assets.xcassets"; sourceTree = "<group>"; };
		65F82DDF24D3346C003E90A1 /* Base */ = {isa = PBXFileReference; lastKnownFileType = file.storyboard; name = Base; path = Base.lproj/LaunchScreen.storyboard; sourceTree = "<group>"; };
		65F82DE124D3346C003E90A1 /* Info.plist */ = {isa = PBXFileReference; lastKnownFileType = text.plist.xml; path = Info.plist; sourceTree = "<group>"; };
		A7C2E9A82BC926199FAE241D /* Pods_CommunicationApiRp.framework */ = {isa = PBXFileReference; explicitFileType = wrapper.framework; includeInIndex = 0; path = Pods_CommunicationApiRp.framework; sourceTree = BUILT_PRODUCTS_DIR; };
		A877947FB61DA951BB1B95A2 /* Pods-CommunicationApiRp.debug.xcconfig */ = {isa = PBXFileReference; includeInIndex = 1; lastKnownFileType = text.xcconfig; name = "Pods-CommunicationApiRp.debug.xcconfig"; path = "Target Support Files/Pods-CommunicationApiRp/Pods-CommunicationApiRp.debug.xcconfig"; sourceTree = "<group>"; };
/* End PBXFileReference section */

/* Begin PBXFrameworksBuildPhase section */
		65F82DCD24D3346B003E90A1 /* Frameworks */ = {
			isa = PBXFrameworksBuildPhase;
			buildActionMask = 2147483647;
			files = (
				8B81366A175D8CCFD27BB884 /* Pods_CommunicationApiRp.framework in Frameworks */,
			);
			runOnlyForDeploymentPostprocessing = 0;
		};
/* End PBXFrameworksBuildPhase section */

/* Begin PBXGroup section */
		65EEF03924DB0BCF00EF1FD0 /* Products */ = {
			isa = PBXGroup;
			children = (
				65EEF04124DB0BD100EF1FD0 /* SwifteriOS.framework */,
				65EEF04324DB0BD100EF1FD0 /* SwifterMac.framework */,
				65EEF04524DB0BD100EF1FD0 /* SwifterDemoiOS.app */,
				65EEF04724DB0BD100EF1FD0 /* SwifterDemoMac.app */,
				65EEF04924DB0BD100EF1FD0 /* SwifterTests.xctest */,
			);
			name = Products;
			sourceTree = "<group>";
		};
		65EEF04A24DB0CBA00EF1FD0 /* Frameworks */ = {
			isa = PBXGroup;
			children = (
				A7C2E9A82BC926199FAE241D /* Pods_CommunicationApiRp.framework */,
			);
			name = Frameworks;
			sourceTree = "<group>";
		};
		65F82DC724D3346B003E90A1 = {
			isa = PBXGroup;
			children = (
				65F82DD224D3346B003E90A1 /* CommunicationApiRp */,
				65F82DD124D3346B003E90A1 /* Products */,
				6551BD2A24DB0B9900C195D2 /* Swifter.xcodeproj */,
				65EEF04A24DB0CBA00EF1FD0 /* Frameworks */,
				758818560D7BEFA78806D48C /* Pods */,
			);
			sourceTree = "<group>";
		};
		65F82DD124D3346B003E90A1 /* Products */ = {
			isa = PBXGroup;
			children = (
				65F82DD024D3346B003E90A1 /* CommunicationApiRp.app */,
			);
			name = Products;
			sourceTree = "<group>";
		};
		65F82DD224D3346B003E90A1 /* CommunicationApiRp */ = {
			isa = PBXGroup;
			children = (
				65F82DD324D3346B003E90A1 /* AppDelegate.swift */,
				65F82DD524D3346B003E90A1 /* SceneDelegate.swift */,
				65F82DD724D3346B003E90A1 /* ContentView.swift */,
				65F82DD924D3346C003E90A1 /* Assets.xcassets */,
				65F82DDE24D3346C003E90A1 /* LaunchScreen.storyboard */,
				65F82DE124D3346C003E90A1 /* Info.plist */,
				65F82DDB24D3346C003E90A1 /* Preview Content */,
			);
			path = CommunicationApiRp;
			sourceTree = "<group>";
		};
		65F82DDB24D3346C003E90A1 /* Preview Content */ = {
			isa = PBXGroup;
			children = (
				65F82DDC24D3346C003E90A1 /* Preview Assets.xcassets */,
			);
			path = "Preview Content";
			sourceTree = "<group>";
		};
		758818560D7BEFA78806D48C /* Pods */ = {
			isa = PBXGroup;
			children = (
				A877947FB61DA951BB1B95A2 /* Pods-CommunicationApiRp.debug.xcconfig */,
				52D3A2A35BD170AF1CABCD76 /* Pods-CommunicationApiRp.release.xcconfig */,
			);
			path = Pods;
			sourceTree = "<group>";
		};
/* End PBXGroup section */

/* Begin PBXNativeTarget section */
		65F82DCF24D3346B003E90A1 /* CommunicationApiRp */ = {
			isa = PBXNativeTarget;
			buildConfigurationList = 65F82DE424D3346C003E90A1 /* Build configuration list for PBXNativeTarget "CommunicationApiRp" */;
			buildPhases = (
				28D46BF79197D594433785CC /* [CP] Check Pods Manifest.lock */,
				65F82DCC24D3346B003E90A1 /* Sources */,
				65F82DCD24D3346B003E90A1 /* Frameworks */,
				65F82DCE24D3346B003E90A1 /* Resources */,
				6F5FEA31DF95F5A9B88EA471 /* [CP] Embed Pods Frameworks */,
			);
			buildRules = (
			);
			dependencies = (
			);
			name = CommunicationApiRp;
			productName = CommunicationApiRp;
			productReference = 65F82DD024D3346B003E90A1 /* CommunicationApiRp.app */;
			productType = "com.apple.product-type.application";
		};
/* End PBXNativeTarget section */

/* Begin PBXProject section */
		65F82DC824D3346B003E90A1 /* Project object */ = {
			isa = PBXProject;
			attributes = {
				LastSwiftUpdateCheck = 1160;
				LastUpgradeCheck = 1160;
				ORGANIZATIONNAME = "Axel Schwarz";
				TargetAttributes = {
					65F82DCF24D3346B003E90A1 = {
						CreatedOnToolsVersion = 11.6;
					};
				};
			};
			buildConfigurationList = 65F82DCB24D3346B003E90A1 /* Build configuration list for PBXProject "CommunicationApiRp" */;
			compatibilityVersion = "Xcode 9.3";
			developmentRegion = en;
			hasScannedForEncodings = 0;
			knownRegions = (
				en,
				Base,
			);
			mainGroup = 65F82DC724D3346B003E90A1;
			productRefGroup = 65F82DD124D3346B003E90A1 /* Products */;
			projectDirPath = "";
			projectReferences = (
				{
					ProductGroup = 65EEF03924DB0BCF00EF1FD0 /* Products */;
					ProjectRef = 6551BD2A24DB0B9900C195D2 /* Swifter.xcodeproj */;
				},
			);
			projectRoot = "";
			targets = (
				65F82DCF24D3346B003E90A1 /* CommunicationApiRp */,
			);
		};
/* End PBXProject section */

/* Begin PBXReferenceProxy section */
		65EEF04124DB0BD100EF1FD0 /* SwifteriOS.framework */ = {
			isa = PBXReferenceProxy;
			fileType = wrapper.framework;
			path = SwifteriOS.framework;
			remoteRef = 65EEF04024DB0BD100EF1FD0 /* PBXContainerItemProxy */;
			sourceTree = BUILT_PRODUCTS_DIR;
		};
		65EEF04324DB0BD100EF1FD0 /* SwifterMac.framework */ = {
			isa = PBXReferenceProxy;
			fileType = wrapper.framework;
			path = SwifterMac.framework;
			remoteRef = 65EEF04224DB0BD100EF1FD0 /* PBXContainerItemProxy */;
			sourceTree = BUILT_PRODUCTS_DIR;
		};
		65EEF04524DB0BD100EF1FD0 /* SwifterDemoiOS.app */ = {
			isa = PBXReferenceProxy;
			fileType = wrapper.application;
			path = SwifterDemoiOS.app;
			remoteRef = 65EEF04424DB0BD100EF1FD0 /* PBXContainerItemProxy */;
			sourceTree = BUILT_PRODUCTS_DIR;
		};
		65EEF04724DB0BD100EF1FD0 /* SwifterDemoMac.app */ = {
			isa = PBXReferenceProxy;
			fileType = wrapper.application;
			path = SwifterDemoMac.app;
			remoteRef = 65EEF04624DB0BD100EF1FD0 /* PBXContainerItemProxy */;
			sourceTree = BUILT_PRODUCTS_DIR;
		};
		65EEF04924DB0BD100EF1FD0 /* SwifterTests.xctest */ = {
			isa = PBXReferenceProxy;
			fileType = wrapper.cfbundle;
			path = SwifterTests.xctest;
			remoteRef = 65EEF04824DB0BD100EF1FD0 /* PBXContainerItemProxy */;
			sourceTree = BUILT_PRODUCTS_DIR;
		};
/* End PBXReferenceProxy section */

/* Begin PBXResourcesBuildPhase section */
		65F82DCE24D3346B003E90A1 /* Resources */ = {
			isa = PBXResourcesBuildPhase;
			buildActionMask = 2147483647;
			files = (
				65F82DE024D3346C003E90A1 /* LaunchScreen.storyboard in Resources */,
				65F82DDD24D3346C003E90A1 /* Preview Assets.xcassets in Resources */,
				65F82DDA24D3346C003E90A1 /* Assets.xcassets in Resources */,
			);
			runOnlyForDeploymentPostprocessing = 0;
		};
/* End PBXResourcesBuildPhase section */

/* Begin PBXShellScriptBuildPhase section */
		28D46BF79197D594433785CC /* [CP] Check Pods Manifest.lock */ = {
			isa = PBXShellScriptBuildPhase;
			buildActionMask = 2147483647;
			files = (
			);
			inputFileListPaths = (
			);
			inputPaths = (
				"${PODS_PODFILE_DIR_PATH}/Podfile.lock",
				"${PODS_ROOT}/Manifest.lock",
			);
			name = "[CP] Check Pods Manifest.lock";
			outputFileListPaths = (
			);
			outputPaths = (
				"$(DERIVED_FILE_DIR)/Pods-CommunicationApiRp-checkManifestLockResult.txt",
			);
			runOnlyForDeploymentPostprocessing = 0;
			shellPath = /bin/sh;
			shellScript = "diff \"${PODS_PODFILE_DIR_PATH}/Podfile.lock\" \"${PODS_ROOT}/Manifest.lock\" > /dev/null\nif [ $? != 0 ] ; then\n    # print error to STDERR\n    echo \"error: The sandbox is not in sync with the Podfile.lock. Run 'pod install' or update your CocoaPods installation.\" >&2\n    exit 1\nfi\n# This output is used by Xcode 'outputs' to avoid re-running this script phase.\necho \"SUCCESS\" > \"${SCRIPT_OUTPUT_FILE_0}\"\n";
			showEnvVarsInLog = 0;
		};
		6F5FEA31DF95F5A9B88EA471 /* [CP] Embed Pods Frameworks */ = {
			isa = PBXShellScriptBuildPhase;
			buildActionMask = 2147483647;
			files = (
			);
			inputFileListPaths = (
				"${PODS_ROOT}/Target Support Files/Pods-CommunicationApiRp/Pods-CommunicationApiRp-frameworks-${CONFIGURATION}-input-files.xcfilelist",
			);
			name = "[CP] Embed Pods Frameworks";
			outputFileListPaths = (
				"${PODS_ROOT}/Target Support Files/Pods-CommunicationApiRp/Pods-CommunicationApiRp-frameworks-${CONFIGURATION}-output-files.xcfilelist",
			);
			runOnlyForDeploymentPostprocessing = 0;
			shellPath = /bin/sh;
			shellScript = "\"${PODS_ROOT}/Target Support Files/Pods-CommunicationApiRp/Pods-CommunicationApiRp-frameworks.sh\"\n";
			showEnvVarsInLog = 0;
		};
/* End PBXShellScriptBuildPhase section */

/* Begin PBXSourcesBuildPhase section */
		65F82DCC24D3346B003E90A1 /* Sources */ = {
			isa = PBXSourcesBuildPhase;
			buildActionMask = 2147483647;
			files = (
				65F82DD424D3346B003E90A1 /* AppDelegate.swift in Sources */,
				65F82DD624D3346B003E90A1 /* SceneDelegate.swift in Sources */,
				65F82DD824D3346B003E90A1 /* ContentView.swift in Sources */,
			);
			runOnlyForDeploymentPostprocessing = 0;
		};
/* End PBXSourcesBuildPhase section */

/* Begin PBXVariantGroup section */
		65F82DDE24D3346C003E90A1 /* LaunchScreen.storyboard */ = {
			isa = PBXVariantGroup;
			children = (
				65F82DDF24D3346C003E90A1 /* Base */,
			);
			name = LaunchScreen.storyboard;
			sourceTree = "<group>";
		};
/* End PBXVariantGroup section */

/* Begin XCBuildConfiguration section */
		65F82DE224D3346C003E90A1 /* Debug */ = {
			isa = XCBuildConfiguration;
			buildSettings = {
				ALWAYS_SEARCH_USER_PATHS = NO;
				CLANG_ANALYZER_NONNULL = YES;
				CLANG_ANALYZER_NUMBER_OBJECT_CONVERSION = YES_AGGRESSIVE;
				CLANG_CXX_LANGUAGE_STANDARD = "gnu++14";
				CLANG_CXX_LIBRARY = "libc++";
				CLANG_ENABLE_MODULES = YES;
				CLANG_ENABLE_OBJC_ARC = YES;
				CLANG_ENABLE_OBJC_WEAK = YES;
				CLANG_WARN_BLOCK_CAPTURE_AUTORELEASING = YES;
				CLANG_WARN_BOOL_CONVERSION = YES;
				CLANG_WARN_COMMA = YES;
				CLANG_WARN_CONSTANT_CONVERSION = YES;
				CLANG_WARN_DEPRECATED_OBJC_IMPLEMENTATIONS = YES;
				CLANG_WARN_DIRECT_OBJC_ISA_USAGE = YES_ERROR;
				CLANG_WARN_DOCUMENTATION_COMMENTS = YES;
				CLANG_WARN_EMPTY_BODY = YES;
				CLANG_WARN_ENUM_CONVERSION = YES;
				CLANG_WARN_INFINITE_RECURSION = YES;
				CLANG_WARN_INT_CONVERSION = YES;
				CLANG_WARN_NON_LITERAL_NULL_CONVERSION = YES;
				CLANG_WARN_OBJC_IMPLICIT_RETAIN_SELF = YES;
				CLANG_WARN_OBJC_LITERAL_CONVERSION = YES;
				CLANG_WARN_OBJC_ROOT_CLASS = YES_ERROR;
				CLANG_WARN_RANGE_LOOP_ANALYSIS = YES;
				CLANG_WARN_STRICT_PROTOTYPES = YES;
				CLANG_WARN_SUSPICIOUS_MOVE = YES;
				CLANG_WARN_UNGUARDED_AVAILABILITY = YES_AGGRESSIVE;
				CLANG_WARN_UNREACHABLE_CODE = YES;
				CLANG_WARN__DUPLICATE_METHOD_MATCH = YES;
				COPY_PHASE_STRIP = NO;
				DEBUG_INFORMATION_FORMAT = dwarf;
				ENABLE_STRICT_OBJC_MSGSEND = YES;
				ENABLE_TESTABILITY = YES;
				GCC_C_LANGUAGE_STANDARD = gnu11;
				GCC_DYNAMIC_NO_PIC = NO;
				GCC_NO_COMMON_BLOCKS = YES;
				GCC_OPTIMIZATION_LEVEL = 0;
				GCC_PREPROCESSOR_DEFINITIONS = (
					"DEBUG=1",
					"$(inherited)",
				);
				GCC_WARN_64_TO_32_BIT_CONVERSION = YES;
				GCC_WARN_ABOUT_RETURN_TYPE = YES_ERROR;
				GCC_WARN_UNDECLARED_SELECTOR = YES;
				GCC_WARN_UNINITIALIZED_AUTOS = YES_AGGRESSIVE;
				GCC_WARN_UNUSED_FUNCTION = YES;
				GCC_WARN_UNUSED_VARIABLE = YES;
				IPHONEOS_DEPLOYMENT_TARGET = 13.6;
				MTL_ENABLE_DEBUG_INFO = INCLUDE_SOURCE;
				MTL_FAST_MATH = YES;
				ONLY_ACTIVE_ARCH = YES;
				SDKROOT = iphoneos;
				SWIFT_ACTIVE_COMPILATION_CONDITIONS = DEBUG;
				SWIFT_OPTIMIZATION_LEVEL = "-Onone";
			};
			name = Debug;
		};
		65F82DE324D3346C003E90A1 /* Release */ = {
			isa = XCBuildConfiguration;
			buildSettings = {
				ALWAYS_SEARCH_USER_PATHS = NO;
				CLANG_ANALYZER_NONNULL = YES;
				CLANG_ANALYZER_NUMBER_OBJECT_CONVERSION = YES_AGGRESSIVE;
				CLANG_CXX_LANGUAGE_STANDARD = "gnu++14";
				CLANG_CXX_LIBRARY = "libc++";
				CLANG_ENABLE_MODULES = YES;
				CLANG_ENABLE_OBJC_ARC = YES;
				CLANG_ENABLE_OBJC_WEAK = YES;
				CLANG_WARN_BLOCK_CAPTURE_AUTORELEASING = YES;
				CLANG_WARN_BOOL_CONVERSION = YES;
				CLANG_WARN_COMMA = YES;
				CLANG_WARN_CONSTANT_CONVERSION = YES;
				CLANG_WARN_DEPRECATED_OBJC_IMPLEMENTATIONS = YES;
				CLANG_WARN_DIRECT_OBJC_ISA_USAGE = YES_ERROR;
				CLANG_WARN_DOCUMENTATION_COMMENTS = YES;
				CLANG_WARN_EMPTY_BODY = YES;
				CLANG_WARN_ENUM_CONVERSION = YES;
				CLANG_WARN_INFINITE_RECURSION = YES;
				CLANG_WARN_INT_CONVERSION = YES;
				CLANG_WARN_NON_LITERAL_NULL_CONVERSION = YES;
				CLANG_WARN_OBJC_IMPLICIT_RETAIN_SELF = YES;
				CLANG_WARN_OBJC_LITERAL_CONVERSION = YES;
				CLANG_WARN_OBJC_ROOT_CLASS = YES_ERROR;
				CLANG_WARN_RANGE_LOOP_ANALYSIS = YES;
				CLANG_WARN_STRICT_PROTOTYPES = YES;
				CLANG_WARN_SUSPICIOUS_MOVE = YES;
				CLANG_WARN_UNGUARDED_AVAILABILITY = YES_AGGRESSIVE;
				CLANG_WARN_UNREACHABLE_CODE = YES;
				CLANG_WARN__DUPLICATE_METHOD_MATCH = YES;
				COPY_PHASE_STRIP = NO;
				DEBUG_INFORMATION_FORMAT = "dwarf-with-dsym";
				ENABLE_NS_ASSERTIONS = NO;
				ENABLE_STRICT_OBJC_MSGSEND = YES;
				GCC_C_LANGUAGE_STANDARD = gnu11;
				GCC_NO_COMMON_BLOCKS = YES;
				GCC_WARN_64_TO_32_BIT_CONVERSION = YES;
				GCC_WARN_ABOUT_RETURN_TYPE = YES_ERROR;
				GCC_WARN_UNDECLARED_SELECTOR = YES;
				GCC_WARN_UNINITIALIZED_AUTOS = YES_AGGRESSIVE;
				GCC_WARN_UNUSED_FUNCTION = YES;
				GCC_WARN_UNUSED_VARIABLE = YES;
				IPHONEOS_DEPLOYMENT_TARGET = 13.6;
				MTL_ENABLE_DEBUG_INFO = NO;
				MTL_FAST_MATH = YES;
				SDKROOT = iphoneos;
				SWIFT_COMPILATION_MODE = wholemodule;
				SWIFT_OPTIMIZATION_LEVEL = "-O";
				VALIDATE_PRODUCT = YES;
			};
			name = Release;
		};
		65F82DE524D3346C003E90A1 /* Debug */ = {
			isa = XCBuildConfiguration;
			baseConfigurationReference = A877947FB61DA951BB1B95A2 /* Pods-CommunicationApiRp.debug.xcconfig */;
			buildSettings = {
				ASSETCATALOG_COMPILER_APPICON_NAME = AppIcon;
				CODE_SIGN_STYLE = Automatic;
				DEVELOPMENT_ASSET_PATHS = "\"CommunicationApiRp/Preview Content\"";
				DEVELOPMENT_TEAM = VZVFUQTSQC;
				ENABLE_PREVIEWS = YES;
				INFOPLIST_FILE = CommunicationApiRp/Info.plist;
				LD_RUNPATH_SEARCH_PATHS = (
					"$(inherited)",
					"@executable_path/Frameworks",
				);
				PRODUCT_BUNDLE_IDENTIFIER = com.HomeOs.CommunicationApiRp;
				PRODUCT_NAME = "$(TARGET_NAME)";
				SWIFT_VERSION = 5.0;
				TARGETED_DEVICE_FAMILY = "1,2";
			};
			name = Debug;
		};
		65F82DE624D3346C003E90A1 /* Release */ = {
			isa = XCBuildConfiguration;
			baseConfigurationReference = 52D3A2A35BD170AF1CABCD76 /* Pods-CommunicationApiRp.release.xcconfig */;
			buildSettings = {
				ASSETCATALOG_COMPILER_APPICON_NAME = AppIcon;
				CODE_SIGN_STYLE = Automatic;
				DEVELOPMENT_ASSET_PATHS = "\"CommunicationApiRp/Preview Content\"";
				DEVELOPMENT_TEAM = VZVFUQTSQC;
				ENABLE_PREVIEWS = YES;
				INFOPLIST_FILE = CommunicationApiRp/Info.plist;
				LD_RUNPATH_SEARCH_PATHS = (
					"$(inherited)",
					"@executable_path/Frameworks",
				);
				PRODUCT_BUNDLE_IDENTIFIER = com.HomeOs.CommunicationApiRp;
				PRODUCT_NAME = "$(TARGET_NAME)";
				SWIFT_VERSION = 5.0;
				TARGETED_DEVICE_FAMILY = "1,2";
			};
			name = Release;
		};
/* End XCBuildConfiguration section */

/* Begin XCConfigurationList section */
		65F82DCB24D3346B003E90A1 /* Build configuration list for PBXProject "CommunicationApiRp" */ = {
			isa = XCConfigurationList;
			buildConfigurations = (
				65F82DE224D3346C003E90A1 /* Debug */,
				65F82DE324D3346C003E90A1 /* Release */,
			);
			defaultConfigurationIsVisible = 0;
			defaultConfigurationName = Release;
		};
		65F82DE424D3346C003E90A1 /* Build configuration list for PBXNativeTarget "CommunicationApiRp" */ = {
			isa = XCConfigurationList;
			buildConfigurations = (
				65F82DE524D3346C003E90A1 /* Debug */,
				65F82DE624D3346C003E90A1 /* Release */,
			);
			defaultConfigurationIsVisible = 0;
			defaultConfigurationName = Release;
		};
/* End XCConfigurationList section */
	};
	rootObject = 65F82DC824D3346B003E90A1 /* Project object */;
}
